
Microsoft Visual Studio Solution File, Format Version 12.00
# Visual Studio Version 16
VisualStudioVersion = 16.0.29728.190
MinimumVisualStudioVersion = 10.0.40219.1
Project("{FAE04EC0-301F-11D3-BF4B-00C04F79EFBC}") = "32133", "32133\32133.csproj", "{9E9B2D8A-32C5-49F9-BB16-76B0E64E6449}"
EndProject
Global
	GlobalSection(SolutionConfigurationPlatforms) = preSolution
		Debug|Any CPU = Debug|Any CPU
		Release|Any CPU = Release|Any CPU
	EndGlobalSection
	GlobalSection(ProjectConfigurationPlatforms) = postSolution
		{9E9B2D8A-32C5-49F9-BB16-76B0E64E6449}.Debug|Any CPU.ActiveCfg = Debug|Any CPU
		{9E9B2D8A-32C5-49F9-BB16-76B0E64E6449}.Debug|Any CPU.Build.0 = Debug|Any CPU
		{9E9B2D8A-32C5-49F9-BB16-76B0E64E6449}.Release|Any CPU.ActiveCfg = Release|Any CPU
		{9E9B2D8A-32C5-49F9-BB16-76B0E64E6449}.Release|Any CPU.Build.0 = Release|Any CPU
	EndGlobalSection
	GlobalSection(SolutionProperties) = preSolution
		HideSolutionNode = FALSE
	EndGlobalSection
	GlobalSection(ExtensibilityGlobals) = postSolution
		SolutionGuid = {8112AAE6-6250-468F-A3E6-2E09A73EB8AB}
	EndGlobalSection
EndGlobal
